
Microsoft Visual Studio Solution File, Format Version 12.00
Project("{FAE04EC0-301F-11D3-BF4B-00C04F79EFBC}") = "ty_game_lib", "ty_game_lib\ty_game_lib.csproj", "{CA56D671-1039-43E5-8068-F69B8A81A57F}"
EndProject
Project("{FAE04EC0-301F-11D3-BF4B-00C04F79EFBC}") = "lib_test", "lib_test\lib_test.csproj", "{28EB98EF-3A4C-40DD-A699-B1CBD7B1A28E}"
EndProject
Global
	GlobalSection(SolutionConfigurationPlatforms) = preSolution
		Debug|Any CPU = Debug|Any CPU
		Release|Any CPU = Release|Any CPU
	EndGlobalSection
	GlobalSection(ProjectConfigurationPlatforms) = postSolution
		{CA56D671-1039-43E5-8068-F69B8A81A57F}.Debug|Any CPU.ActiveCfg = Debug|Any CPU
		{CA56D671-1039-43E5-8068-F69B8A81A57F}.Debug|Any CPU.Build.0 = Debug|Any CPU
		{CA56D671-1039-43E5-8068-F69B8A81A57F}.Release|Any CPU.ActiveCfg = Release|Any CPU
		{CA56D671-1039-43E5-8068-F69B8A81A57F}.Release|Any CPU.Build.0 = Release|Any CPU
		{28EB98EF-3A4C-40DD-A699-B1CBD7B1A28E}.Debug|Any CPU.ActiveCfg = Debug|Any CPU
		{28EB98EF-3A4C-40DD-A699-B1CBD7B1A28E}.Debug|Any CPU.Build.0 = Debug|Any CPU
		{28EB98EF-3A4C-40DD-A699-B1CBD7B1A28E}.Release|Any CPU.ActiveCfg = Release|Any CPU
		{28EB98EF-3A4C-40DD-A699-B1CBD7B1A28E}.Release|Any CPU.Build.0 = Release|Any CPU
	EndGlobalSection
EndGlobal
