
Microsoft Visual Studio Solution File, Format Version 12.00
Project("{FAE04EC0-301F-11D3-BF4B-00C04F79EFBC}") = "collision_and_rigid", "collision_and_rigid\collision_and_rigid.csproj", "{CA56D671-1039-43E5-8068-F69B8A81A57F}"
EndProject
Project("{FAE04EC0-301F-11D3-BF4B-00C04F79EFBC}") = "game_stuff", "game_stuff\game_stuff.csproj", "{0C302B3A-9CBE-44BA-89F6-E92F8AA650B6}"
EndProject
Project("{FAE04EC0-301F-11D3-BF4B-00C04F79EFBC}") = "game_config", "game_config\game_config.csproj", "{40738629-57CE-4CD0-9156-C0C312C8B906}"
EndProject
Project("{FAE04EC0-301F-11D3-BF4B-00C04F79EFBC}") = "lib_test", "lib_test\lib_test.csproj", "{6DBFBEF2-57B2-4F66-8F58-3A19DEFDFFAE}"
EndProject
Project("{FAE04EC0-301F-11D3-BF4B-00C04F79EFBC}") = "game_bot", "game_bot\game_bot.csproj", "{36C40F7F-FF3F-49DF-8B5F-262A94FA9058}"
EndProject
Project("{FAE04EC0-301F-11D3-BF4B-00C04F79EFBC}") = "cov_path_navi", "cov_path_navi\cov_path_navi.csproj", "{B4DAA8A9-49DA-4112-A042-BBB3CD306463}"
EndProject
Global
	GlobalSection(SolutionConfigurationPlatforms) = preSolution
		Debug|Any CPU = Debug|Any CPU
		Release|Any CPU = Release|Any CPU
	EndGlobalSection
	GlobalSection(ProjectConfigurationPlatforms) = postSolution
		{CA56D671-1039-43E5-8068-F69B8A81A57F}.Debug|Any CPU.ActiveCfg = Debug|Any CPU
		{CA56D671-1039-43E5-8068-F69B8A81A57F}.Debug|Any CPU.Build.0 = Debug|Any CPU
		{CA56D671-1039-43E5-8068-F69B8A81A57F}.Release|Any CPU.ActiveCfg = Release|Any CPU
		{CA56D671-1039-43E5-8068-F69B8A81A57F}.Release|Any CPU.Build.0 = Release|Any CPU
		{0C302B3A-9CBE-44BA-89F6-E92F8AA650B6}.Debug|Any CPU.ActiveCfg = Debug|Any CPU
		{0C302B3A-9CBE-44BA-89F6-E92F8AA650B6}.Debug|Any CPU.Build.0 = Debug|Any CPU
		{0C302B3A-9CBE-44BA-89F6-E92F8AA650B6}.Release|Any CPU.ActiveCfg = Release|Any CPU
		{0C302B3A-9CBE-44BA-89F6-E92F8AA650B6}.Release|Any CPU.Build.0 = Release|Any CPU
		{40738629-57CE-4CD0-9156-C0C312C8B906}.Debug|Any CPU.ActiveCfg = Debug|Any CPU
		{40738629-57CE-4CD0-9156-C0C312C8B906}.Debug|Any CPU.Build.0 = Debug|Any CPU
		{40738629-57CE-4CD0-9156-C0C312C8B906}.Release|Any CPU.ActiveCfg = Release|Any CPU
		{40738629-57CE-4CD0-9156-C0C312C8B906}.Release|Any CPU.Build.0 = Release|Any CPU
		{6DBFBEF2-57B2-4F66-8F58-3A19DEFDFFAE}.Debug|Any CPU.ActiveCfg = Debug|Any CPU
		{6DBFBEF2-57B2-4F66-8F58-3A19DEFDFFAE}.Debug|Any CPU.Build.0 = Debug|Any CPU
		{6DBFBEF2-57B2-4F66-8F58-3A19DEFDFFAE}.Release|Any CPU.ActiveCfg = Release|Any CPU
		{6DBFBEF2-57B2-4F66-8F58-3A19DEFDFFAE}.Release|Any CPU.Build.0 = Release|Any CPU
		{36C40F7F-FF3F-49DF-8B5F-262A94FA9058}.Debug|Any CPU.ActiveCfg = Debug|Any CPU
		{36C40F7F-FF3F-49DF-8B5F-262A94FA9058}.Debug|Any CPU.Build.0 = Debug|Any CPU
		{36C40F7F-FF3F-49DF-8B5F-262A94FA9058}.Release|Any CPU.ActiveCfg = Release|Any CPU
		{36C40F7F-FF3F-49DF-8B5F-262A94FA9058}.Release|Any CPU.Build.0 = Release|Any CPU
		{B4DAA8A9-49DA-4112-A042-BBB3CD306463}.Debug|Any CPU.ActiveCfg = Debug|Any CPU
		{B4DAA8A9-49DA-4112-A042-BBB3CD306463}.Debug|Any CPU.Build.0 = Debug|Any CPU
		{B4DAA8A9-49DA-4112-A042-BBB3CD306463}.Release|Any CPU.ActiveCfg = Release|Any CPU
		{B4DAA8A9-49DA-4112-A042-BBB3CD306463}.Release|Any CPU.Build.0 = Release|Any CPU
	EndGlobalSection
EndGlobal
